// !$*UTF8*$!
{
	archiveVersion = 1;
	classes = {
	};
	objectVersion = 46;
	objects = {

/* Begin PBXBuildFile section */
		5DA7FE9F1E02D992009208B5 /* main.m in Sources */ = {isa = PBXBuildFile; fileRef = 5DA7FE9E1E02D992009208B5 /* main.m */; };
		5DA7FEA21E02D992009208B5 /* AppDelegate.m in Sources */ = {isa = PBXBuildFile; fileRef = 5DA7FEA11E02D992009208B5 /* AppDelegate.m */; };
		5DA7FEAA1E02D992009208B5 /* Assets.xcassets in Resources */ = {isa = PBXBuildFile; fileRef = 5DA7FEA91E02D992009208B5 /* Assets.xcassets */; };
		5DA7FEAD1E02D992009208B5 /* LaunchScreen.storyboard in Resources */ = {isa = PBXBuildFile; fileRef = 5DA7FEAB1E02D992009208B5 /* LaunchScreen.storyboard */; };
		5DA7FEB81E02D992009208B5 /* HBFontChangeTests.m in Sources */ = {isa = PBXBuildFile; fileRef = 5DA7FEB71E02D992009208B5 /* HBFontChangeTests.m */; };
		5DA7FEC31E02D992009208B5 /* HBFontChangeUITests.m in Sources */ = {isa = PBXBuildFile; fileRef = 5DA7FEC21E02D992009208B5 /* HBFontChangeUITests.m */; };
		5DA7FED21E02DA05009208B5 /* HBFontChangeVC.m in Sources */ = {isa = PBXBuildFile; fileRef = 5DA7FED11E02DA05009208B5 /* HBFontChangeVC.m */; };
		5DA7FED61E02DA36009208B5 /* HBClassVC.m in Sources */ = {isa = PBXBuildFile; fileRef = 5DA7FED51E02DA36009208B5 /* HBClassVC.m */; };
		5DA7FEDA1E02DA9A009208B5 /* HBLabelChangeVC.m in Sources */ = {isa = PBXBuildFile; fileRef = 5DA7FED91E02DA9A009208B5 /* HBLabelChangeVC.m */; };
		5DA7FEDD1E02DAB4009208B5 /* HBButtonChangeVC.m in Sources */ = {isa = PBXBuildFile; fileRef = 5DA7FEDC1E02DAB4009208B5 /* HBButtonChangeVC.m */; };
		5DA7FEE01E02DAD8009208B5 /* HBTextViewVC.m in Sources */ = {isa = PBXBuildFile; fileRef = 5DA7FEDF1E02DAD8009208B5 /* HBTextViewVC.m */; };
		5DA7FEE51E02DB98009208B5 /* HBTableCell.m in Sources */ = {isa = PBXBuildFile; fileRef = 5DA7FEE41E02DB98009208B5 /* HBTableCell.m */; };
		5DA7FEEA1E02E52E009208B5 /* HBSetFontVC.m in Sources */ = {isa = PBXBuildFile; fileRef = 5DA7FEE91E02E52E009208B5 /* HBSetFontVC.m */; };
		5DA7FEF01E02ED93009208B5 /* UITableView+SDAutoTableViewCellHeight.m in Sources */ = {isa = PBXBuildFile; fileRef = 5DA7FEED1E02ED93009208B5 /* UITableView+SDAutoTableViewCellHeight.m */; };
		5DA7FEF11E02ED93009208B5 /* UIView+SDAutoLayout.m in Sources */ = {isa = PBXBuildFile; fileRef = 5DA7FEEF1E02ED93009208B5 /* UIView+SDAutoLayout.m */; };
/* End PBXBuildFile section */

/* Begin PBXContainerItemProxy section */
		5DA7FEB41E02D992009208B5 /* PBXContainerItemProxy */ = {
			isa = PBXContainerItemProxy;
			containerPortal = 5DA7FE921E02D991009208B5 /* Project object */;
			proxyType = 1;
			remoteGlobalIDString = 5DA7FE991E02D992009208B5;
			remoteInfo = HBFontChange;
		};
		5DA7FEBF1E02D992009208B5 /* PBXContainerItemProxy */ = {
			isa = PBXContainerItemProxy;
			containerPortal = 5DA7FE921E02D991009208B5 /* Project object */;
			proxyType = 1;
			remoteGlobalIDString = 5DA7FE991E02D992009208B5;
			remoteInfo = HBFontChange;
		};
/* End PBXContainerItemProxy section */

/* Begin PBXFileReference section */
		5DA7FE9A1E02D992009208B5 /* HBFontChange.app */ = {isa = PBXFileReference; explicitFileType = wrapper.application; includeInIndex = 0; path = HBFontChange.app; sourceTree = BUILT_PRODUCTS_DIR; };
		5DA7FE9E1E02D992009208B5 /* main.m */ = {isa = PBXFileReference; lastKnownFileType = sourcecode.c.objc; path = main.m; sourceTree = "<group>"; };
		5DA7FEA01E02D992009208B5 /* AppDelegate.h */ = {isa = PBXFileReference; lastKnownFileType = sourcecode.c.h; path = AppDelegate.h; sourceTree = "<group>"; };
		5DA7FEA11E02D992009208B5 /* AppDelegate.m */ = {isa = PBXFileReference; lastKnownFileType = sourcecode.c.objc; path = AppDelegate.m; sourceTree = "<group>"; };
		5DA7FEA91E02D992009208B5 /* Assets.xcassets */ = {isa = PBXFileReference; lastKnownFileType = folder.assetcatalog; path = Assets.xcassets; sourceTree = "<group>"; };
		5DA7FEAC1E02D992009208B5 /* Base */ = {isa = PBXFileReference; lastKnownFileType = file.storyboard; name = Base; path = Base.lproj/LaunchScreen.storyboard; sourceTree = "<group>"; };
		5DA7FEAE1E02D992009208B5 /* Info.plist */ = {isa = PBXFileReference; lastKnownFileType = text.plist.xml; path = Info.plist; sourceTree = "<group>"; };
		5DA7FEB31E02D992009208B5 /* HBFontChangeTests.xctest */ = {isa = PBXFileReference; explicitFileType = wrapper.cfbundle; includeInIndex = 0; path = HBFontChangeTests.xctest; sourceTree = BUILT_PRODUCTS_DIR; };
		5DA7FEB71E02D992009208B5 /* HBFontChangeTests.m */ = {isa = PBXFileReference; lastKnownFileType = sourcecode.c.objc; path = HBFontChangeTests.m; sourceTree = "<group>"; };
		5DA7FEB91E02D992009208B5 /* Info.plist */ = {isa = PBXFileReference; lastKnownFileType = text.plist.xml; path = Info.plist; sourceTree = "<group>"; };
		5DA7FEBE1E02D992009208B5 /* HBFontChangeUITests.xctest */ = {isa = PBXFileReference; explicitFileType = wrapper.cfbundle; includeInIndex = 0; path = HBFontChangeUITests.xctest; sourceTree = BUILT_PRODUCTS_DIR; };
		5DA7FEC21E02D992009208B5 /* HBFontChangeUITests.m */ = {isa = PBXFileReference; lastKnownFileType = sourcecode.c.objc; path = HBFontChangeUITests.m; sourceTree = "<group>"; };
		5DA7FEC41E02D992009208B5 /* Info.plist */ = {isa = PBXFileReference; lastKnownFileType = text.plist.xml; path = Info.plist; sourceTree = "<group>"; };
		5DA7FED01E02DA05009208B5 /* HBFontChangeVC.h */ = {isa = PBXFileReference; fileEncoding = 4; lastKnownFileType = sourcecode.c.h; path = HBFontChangeVC.h; sourceTree = "<group>"; };
		5DA7FED11E02DA05009208B5 /* HBFontChangeVC.m */ = {isa = PBXFileReference; fileEncoding = 4; lastKnownFileType = sourcecode.c.objc; path = HBFontChangeVC.m; sourceTree = "<group>"; };
		5DA7FED41E02DA36009208B5 /* HBClassVC.h */ = {isa = PBXFileReference; fileEncoding = 4; lastKnownFileType = sourcecode.c.h; path = HBClassVC.h; sourceTree = "<group>"; };
		5DA7FED51E02DA36009208B5 /* HBClassVC.m */ = {isa = PBXFileReference; fileEncoding = 4; lastKnownFileType = sourcecode.c.objc; path = HBClassVC.m; sourceTree = "<group>"; };
		5DA7FED81E02DA9A009208B5 /* HBLabelChangeVC.h */ = {isa = PBXFileReference; fileEncoding = 4; lastKnownFileType = sourcecode.c.h; path = HBLabelChangeVC.h; sourceTree = "<group>"; };
		5DA7FED91E02DA9A009208B5 /* HBLabelChangeVC.m */ = {isa = PBXFileReference; fileEncoding = 4; lastKnownFileType = sourcecode.c.objc; path = HBLabelChangeVC.m; sourceTree = "<group>"; };
		5DA7FEDB1E02DAB4009208B5 /* HBButtonChangeVC.h */ = {isa = PBXFileReference; fileEncoding = 4; lastKnownFileType = sourcecode.c.h; path = HBButtonChangeVC.h; sourceTree = "<group>"; };
		5DA7FEDC1E02DAB4009208B5 /* HBButtonChangeVC.m */ = {isa = PBXFileReference; fileEncoding = 4; lastKnownFileType = sourcecode.c.objc; path = HBButtonChangeVC.m; sourceTree = "<group>"; };
		5DA7FEDE1E02DAD8009208B5 /* HBTextViewVC.h */ = {isa = PBXFileReference; fileEncoding = 4; lastKnownFileType = sourcecode.c.h; path = HBTextViewVC.h; sourceTree = "<group>"; };
		5DA7FEDF1E02DAD8009208B5 /* HBTextViewVC.m */ = {isa = PBXFileReference; fileEncoding = 4; lastKnownFileType = sourcecode.c.objc; path = HBTextViewVC.m; sourceTree = "<group>"; };
		5DA7FEE31E02DB98009208B5 /* HBTableCell.h */ = {isa = PBXFileReference; fileEncoding = 4; lastKnownFileType = sourcecode.c.h; path = HBTableCell.h; sourceTree = "<group>"; };
		5DA7FEE41E02DB98009208B5 /* HBTableCell.m */ = {isa = PBXFileReference; fileEncoding = 4; lastKnownFileType = sourcecode.c.objc; path = HBTableCell.m; sourceTree = "<group>"; };
		5DA7FEE61E02DC38009208B5 /* PrefixHeader.pch */ = {isa = PBXFileReference; fileEncoding = 4; lastKnownFileType = sourcecode.c.h; path = PrefixHeader.pch; sourceTree = "<group>"; };
		5DA7FEE71E02DD71009208B5 /* HBFontHeader.h */ = {isa = PBXFileReference; fileEncoding = 4; lastKnownFileType = sourcecode.c.h; path = HBFontHeader.h; sourceTree = "<group>"; };
		5DA7FEE81E02E52E009208B5 /* HBSetFontVC.h */ = {isa = PBXFileReference; fileEncoding = 4; lastKnownFileType = sourcecode.c.h; path = HBSetFontVC.h; sourceTree = "<group>"; };
		5DA7FEE91E02E52E009208B5 /* HBSetFontVC.m */ = {isa = PBXFileReference; fileEncoding = 4; lastKnownFileType = sourcecode.c.objc; path = HBSetFontVC.m; sourceTree = "<group>"; };
		5DA7FEEC1E02ED93009208B5 /* UITableView+SDAutoTableViewCellHeight.h */ = {isa = PBXFileReference; fileEncoding = 4; lastKnownFileType = sourcecode.c.h; path = "UITableView+SDAutoTableViewCellHeight.h"; sourceTree = "<group>"; };
		5DA7FEED1E02ED93009208B5 /* UITableView+SDAutoTableViewCellHeight.m */ = {isa = PBXFileReference; fileEncoding = 4; lastKnownFileType = sourcecode.c.objc; path = "UITableView+SDAutoTableViewCellHeight.m"; sourceTree = "<group>"; };
		5DA7FEEE1E02ED93009208B5 /* UIView+SDAutoLayout.h */ = {isa = PBXFileReference; fileEncoding = 4; lastKnownFileType = sourcecode.c.h; path = "UIView+SDAutoLayout.h"; sourceTree = "<group>"; };
		5DA7FEEF1E02ED93009208B5 /* UIView+SDAutoLayout.m */ = {isa = PBXFileReference; fileEncoding = 4; lastKnownFileType = sourcecode.c.objc; path = "UIView+SDAutoLayout.m"; sourceTree = "<group>"; };
/* End PBXFileReference section */

/* Begin PBXFrameworksBuildPhase section */
		5DA7FE971E02D992009208B5 /* Frameworks */ = {
			isa = PBXFrameworksBuildPhase;
			buildActionMask = 2147483647;
			files = (
			);
			runOnlyForDeploymentPostprocessing = 0;
		};
		5DA7FEB01E02D992009208B5 /* Frameworks */ = {
			isa = PBXFrameworksBuildPhase;
			buildActionMask = 2147483647;
			files = (
			);
			runOnlyForDeploymentPostprocessing = 0;
		};
		5DA7FEBB1E02D992009208B5 /* Frameworks */ = {
			isa = PBXFrameworksBuildPhase;
			buildActionMask = 2147483647;
			files = (
			);
			runOnlyForDeploymentPostprocessing = 0;
		};
/* End PBXFrameworksBuildPhase section */

/* Begin PBXGroup section */
		5DA7FE911E02D991009208B5 = {
			isa = PBXGroup;
			children = (
				5DA7FE9C1E02D992009208B5 /* HBFontChange */,
				5DA7FEB61E02D992009208B5 /* HBFontChangeTests */,
				5DA7FEC11E02D992009208B5 /* HBFontChangeUITests */,
				5DA7FE9B1E02D992009208B5 /* Products */,
			);
			sourceTree = "<group>";
		};
		5DA7FE9B1E02D992009208B5 /* Products */ = {
			isa = PBXGroup;
			children = (
				5DA7FE9A1E02D992009208B5 /* HBFontChange.app */,
				5DA7FEB31E02D992009208B5 /* HBFontChangeTests.xctest */,
				5DA7FEBE1E02D992009208B5 /* HBFontChangeUITests.xctest */,
			);
			name = Products;
			sourceTree = "<group>";
		};
		5DA7FE9C1E02D992009208B5 /* HBFontChange */ = {
			isa = PBXGroup;
			children = (
				5DA7FEEB1E02ED93009208B5 /* SDAutoLayout */,
				5DA7FEA01E02D992009208B5 /* AppDelegate.h */,
				5DA7FEA11E02D992009208B5 /* AppDelegate.m */,
				5DA7FEE61E02DC38009208B5 /* PrefixHeader.pch */,
				5DA7FEE71E02DD71009208B5 /* HBFontHeader.h */,
				5DA7FED31E02DA11009208B5 /* base */,
				5DA7FED01E02DA05009208B5 /* HBFontChangeVC.h */,
				5DA7FED11E02DA05009208B5 /* HBFontChangeVC.m */,
				5DA7FEE81E02E52E009208B5 /* HBSetFontVC.h */,
				5DA7FEE91E02E52E009208B5 /* HBSetFontVC.m */,
				5DA7FEE21E02DB5C009208B5 /* view */,
				5DA7FED71E02DA57009208B5 /* UIFontChange */,
				5DA7FEA91E02D992009208B5 /* Assets.xcassets */,
				5DA7FEAB1E02D992009208B5 /* LaunchScreen.storyboard */,
				5DA7FEAE1E02D992009208B5 /* Info.plist */,
				5DA7FE9D1E02D992009208B5 /* Supporting Files */,
			);
			path = HBFontChange;
			sourceTree = "<group>";
		};
		5DA7FE9D1E02D992009208B5 /* Supporting Files */ = {
			isa = PBXGroup;
			children = (
				5DA7FE9E1E02D992009208B5 /* main.m */,
			);
			name = "Supporting Files";
			sourceTree = "<group>";
		};
		5DA7FEB61E02D992009208B5 /* HBFontChangeTests */ = {
			isa = PBXGroup;
			children = (
				5DA7FEB71E02D992009208B5 /* HBFontChangeTests.m */,
				5DA7FEB91E02D992009208B5 /* Info.plist */,
			);
			path = HBFontChangeTests;
			sourceTree = "<group>";
		};
		5DA7FEC11E02D992009208B5 /* HBFontChangeUITests */ = {
			isa = PBXGroup;
			children = (
				5DA7FEC21E02D992009208B5 /* HBFontChangeUITests.m */,
				5DA7FEC41E02D992009208B5 /* Info.plist */,
			);
			path = HBFontChangeUITests;
			sourceTree = "<group>";
		};
		5DA7FED31E02DA11009208B5 /* base */ = {
			isa = PBXGroup;
			children = (
				5DA7FED41E02DA36009208B5 /* HBClassVC.h */,
				5DA7FED51E02DA36009208B5 /* HBClassVC.m */,
			);
			name = base;
			sourceTree = "<group>";
		};
		5DA7FED71E02DA57009208B5 /* UIFontChange */ = {
			isa = PBXGroup;
			children = (
				5DA7FED81E02DA9A009208B5 /* HBLabelChangeVC.h */,
				5DA7FED91E02DA9A009208B5 /* HBLabelChangeVC.m */,
				5DA7FEDB1E02DAB4009208B5 /* HBButtonChangeVC.h */,
				5DA7FEDC1E02DAB4009208B5 /* HBButtonChangeVC.m */,
				5DA7FEDE1E02DAD8009208B5 /* HBTextViewVC.h */,
				5DA7FEDF1E02DAD8009208B5 /* HBTextViewVC.m */,
			);
			name = UIFontChange;
			sourceTree = "<group>";
		};
		5DA7FEE21E02DB5C009208B5 /* view */ = {
			isa = PBXGroup;
			children = (
				5DA7FEE31E02DB98009208B5 /* HBTableCell.h */,
				5DA7FEE41E02DB98009208B5 /* HBTableCell.m */,
			);
			name = view;
			sourceTree = "<group>";
		};
		5DA7FEEB1E02ED93009208B5 /* SDAutoLayout */ = {
			isa = PBXGroup;
			children = (
				5DA7FEEC1E02ED93009208B5 /* UITableView+SDAutoTableViewCellHeight.h */,
				5DA7FEED1E02ED93009208B5 /* UITableView+SDAutoTableViewCellHeight.m */,
				5DA7FEEE1E02ED93009208B5 /* UIView+SDAutoLayout.h */,
				5DA7FEEF1E02ED93009208B5 /* UIView+SDAutoLayout.m */,
			);
			path = SDAutoLayout;
			sourceTree = "<group>";
		};
/* End PBXGroup section */

/* Begin PBXNativeTarget section */
		5DA7FE991E02D992009208B5 /* HBFontChange */ = {
			isa = PBXNativeTarget;
			buildConfigurationList = 5DA7FEC71E02D992009208B5 /* Build configuration list for PBXNativeTarget "HBFontChange" */;
			buildPhases = (
				5DA7FE961E02D992009208B5 /* Sources */,
				5DA7FE971E02D992009208B5 /* Frameworks */,
				5DA7FE981E02D992009208B5 /* Resources */,
			);
			buildRules = (
			);
			dependencies = (
			);
			name = HBFontChange;
			productName = HBFontChange;
			productReference = 5DA7FE9A1E02D992009208B5 /* HBFontChange.app */;
			productType = "com.apple.product-type.application";
		};
		5DA7FEB21E02D992009208B5 /* HBFontChangeTests */ = {
			isa = PBXNativeTarget;
			buildConfigurationList = 5DA7FECA1E02D992009208B5 /* Build configuration list for PBXNativeTarget "HBFontChangeTests" */;
			buildPhases = (
				5DA7FEAF1E02D992009208B5 /* Sources */,
				5DA7FEB01E02D992009208B5 /* Frameworks */,
				5DA7FEB11E02D992009208B5 /* Resources */,
			);
			buildRules = (
			);
			dependencies = (
				5DA7FEB51E02D992009208B5 /* PBXTargetDependency */,
			);
			name = HBFontChangeTests;
			productName = HBFontChangeTests;
			productReference = 5DA7FEB31E02D992009208B5 /* HBFontChangeTests.xctest */;
			productType = "com.apple.product-type.bundle.unit-test";
		};
		5DA7FEBD1E02D992009208B5 /* HBFontChangeUITests */ = {
			isa = PBXNativeTarget;
			buildConfigurationList = 5DA7FECD1E02D992009208B5 /* Build configuration list for PBXNativeTarget "HBFontChangeUITests" */;
			buildPhases = (
				5DA7FEBA1E02D992009208B5 /* Sources */,
				5DA7FEBB1E02D992009208B5 /* Frameworks */,
				5DA7FEBC1E02D992009208B5 /* Resources */,
			);
			buildRules = (
			);
			dependencies = (
				5DA7FEC01E02D992009208B5 /* PBXTargetDependency */,
			);
			name = HBFontChangeUITests;
			productName = HBFontChangeUITests;
			productReference = 5DA7FEBE1E02D992009208B5 /* HBFontChangeUITests.xctest */;
			productType = "com.apple.product-type.bundle.ui-testing";
		};
/* End PBXNativeTarget section */

/* Begin PBXProject section */
		5DA7FE921E02D991009208B5 /* Project object */ = {
			isa = PBXProject;
			attributes = {
				LastUpgradeCheck = 0720;
				ORGANIZATIONNAME = mingboJob;
				TargetAttributes = {
					5DA7FE991E02D992009208B5 = {
						CreatedOnToolsVersion = 7.2;
					};
					5DA7FEB21E02D992009208B5 = {
						CreatedOnToolsVersion = 7.2;
						DevelopmentTeam = SG5FCD3JM6;
						TestTargetID = 5DA7FE991E02D992009208B5;
					};
					5DA7FEBD1E02D992009208B5 = {
						CreatedOnToolsVersion = 7.2;
						DevelopmentTeam = SG5FCD3JM6;
						TestTargetID = 5DA7FE991E02D992009208B5;
					};
				};
			};
			buildConfigurationList = 5DA7FE951E02D991009208B5 /* Build configuration list for PBXProject "HBFontChange" */;
			compatibilityVersion = "Xcode 3.2";
			developmentRegion = English;
			hasScannedForEncodings = 0;
			knownRegions = (
				en,
				Base,
			);
			mainGroup = 5DA7FE911E02D991009208B5;
			productRefGroup = 5DA7FE9B1E02D992009208B5 /* Products */;
			projectDirPath = "";
			projectRoot = "";
			targets = (
				5DA7FE991E02D992009208B5 /* HBFontChange */,
				5DA7FEB21E02D992009208B5 /* HBFontChangeTests */,
				5DA7FEBD1E02D992009208B5 /* HBFontChangeUITests */,
			);
		};
/* End PBXProject section */

/* Begin PBXResourcesBuildPhase section */
		5DA7FE981E02D992009208B5 /* Resources */ = {
			isa = PBXResourcesBuildPhase;
			buildActionMask = 2147483647;
			files = (
				5DA7FEAD1E02D992009208B5 /* LaunchScreen.storyboard in Resources */,
				5DA7FEAA1E02D992009208B5 /* Assets.xcassets in Resources */,
			);
			runOnlyForDeploymentPostprocessing = 0;
		};
		5DA7FEB11E02D992009208B5 /* Resources */ = {
			isa = PBXResourcesBuildPhase;
			buildActionMask = 2147483647;
			files = (
			);
			runOnlyForDeploymentPostprocessing = 0;
		};
		5DA7FEBC1E02D992009208B5 /* Resources */ = {
			isa = PBXResourcesBuildPhase;
			buildActionMask = 2147483647;
			files = (
			);
			runOnlyForDeploymentPostprocessing = 0;
		};
/* End PBXResourcesBuildPhase section */

/* Begin PBXSourcesBuildPhase section */
		5DA7FE961E02D992009208B5 /* Sources */ = {
			isa = PBXSourcesBuildPhase;
			buildActionMask = 2147483647;
			files = (
				5DA7FEF11E02ED93009208B5 /* UIView+SDAutoLayout.m in Sources */,
				5DA7FEDA1E02DA9A009208B5 /* HBLabelChangeVC.m in Sources */,
				5DA7FEA21E02D992009208B5 /* AppDelegate.m in Sources */,
				5DA7FEE51E02DB98009208B5 /* HBTableCell.m in Sources */,
				5DA7FEEA1E02E52E009208B5 /* HBSetFontVC.m in Sources */,
				5DA7FEF01E02ED93009208B5 /* UITableView+SDAutoTableViewCellHeight.m in Sources */,
				5DA7FEDD1E02DAB4009208B5 /* HBButtonChangeVC.m in Sources */,
				5DA7FED21E02DA05009208B5 /* HBFontChangeVC.m in Sources */,
				5DA7FEE01E02DAD8009208B5 /* HBTextViewVC.m in Sources */,
				5DA7FE9F1E02D992009208B5 /* main.m in Sources */,
				5DA7FED61E02DA36009208B5 /* HBClassVC.m in Sources */,
			);
			runOnlyForDeploymentPostprocessing = 0;
		};
		5DA7FEAF1E02D992009208B5 /* Sources */ = {
			isa = PBXSourcesBuildPhase;
			buildActionMask = 2147483647;
			files = (
				5DA7FEB81E02D992009208B5 /* HBFontChangeTests.m in Sources */,
			);
			runOnlyForDeploymentPostprocessing = 0;
		};
		5DA7FEBA1E02D992009208B5 /* Sources */ = {
			isa = PBXSourcesBuildPhase;
			buildActionMask = 2147483647;
			files = (
				5DA7FEC31E02D992009208B5 /* HBFontChangeUITests.m in Sources */,
			);
			runOnlyForDeploymentPostprocessing = 0;
		};
/* End PBXSourcesBuildPhase section */

/* Begin PBXTargetDependency section */
		5DA7FEB51E02D992009208B5 /* PBXTargetDependency */ = {
			isa = PBXTargetDependency;
			target = 5DA7FE991E02D992009208B5 /* HBFontChange */;
			targetProxy = 5DA7FEB41E02D992009208B5 /* PBXContainerItemProxy */;
		};
		5DA7FEC01E02D992009208B5 /* PBXTargetDependency */ = {
			isa = PBXTargetDependency;
			target = 5DA7FE991E02D992009208B5 /* HBFontChange */;
			targetProxy = 5DA7FEBF1E02D992009208B5 /* PBXContainerItemProxy */;
		};
/* End PBXTargetDependency section */

/* Begin PBXVariantGroup section */
		5DA7FEAB1E02D992009208B5 /* LaunchScreen.storyboard */ = {
			isa = PBXVariantGroup;
			children = (
				5DA7FEAC1E02D992009208B5 /* Base */,
			);
			name = LaunchScreen.storyboard;
			sourceTree = "<group>";
		};
/* End PBXVariantGroup section */

/* Begin XCBuildConfiguration section */
		5DA7FEC51E02D992009208B5 /* Debug */ = {
			isa = XCBuildConfiguration;
			buildSettings = {
				ALWAYS_SEARCH_USER_PATHS = NO;
				CLANG_CXX_LANGUAGE_STANDARD = "gnu++0x";
				CLANG_CXX_LIBRARY = "libc++";
				CLANG_ENABLE_MODULES = YES;
				CLANG_ENABLE_OBJC_ARC = YES;
				CLANG_WARN_BOOL_CONVERSION = YES;
				CLANG_WARN_CONSTANT_CONVERSION = YES;
				CLANG_WARN_DIRECT_OBJC_ISA_USAGE = YES_ERROR;
				CLANG_WARN_EMPTY_BODY = YES;
				CLANG_WARN_ENUM_CONVERSION = YES;
				CLANG_WARN_INT_CONVERSION = YES;
				CLANG_WARN_OBJC_ROOT_CLASS = YES_ERROR;
				CLANG_WARN_UNREACHABLE_CODE = YES;
				CLANG_WARN__DUPLICATE_METHOD_MATCH = YES;
				"CODE_SIGN_IDENTITY[sdk=iphoneos*]" = "iPhone Developer";
				COPY_PHASE_STRIP = NO;
				DEBUG_INFORMATION_FORMAT = dwarf;
				ENABLE_STRICT_OBJC_MSGSEND = YES;
				ENABLE_TESTABILITY = YES;
				GCC_C_LANGUAGE_STANDARD = gnu99;
				GCC_DYNAMIC_NO_PIC = NO;
				GCC_NO_COMMON_BLOCKS = YES;
				GCC_OPTIMIZATION_LEVEL = 0;
				GCC_PREPROCESSOR_DEFINITIONS = (
					"DEBUG=1",
					"$(inherited)",
				);
				GCC_WARN_64_TO_32_BIT_CONVERSION = YES;
				GCC_WARN_ABOUT_RETURN_TYPE = YES_ERROR;
				GCC_WARN_UNDECLARED_SELECTOR = YES;
				GCC_WARN_UNINITIALIZED_AUTOS = YES_AGGRESSIVE;
				GCC_WARN_UNUSED_FUNCTION = YES;
				GCC_WARN_UNUSED_VARIABLE = YES;
				IPHONEOS_DEPLOYMENT_TARGET = 9.2;
				MTL_ENABLE_DEBUG_INFO = YES;
				ONLY_ACTIVE_ARCH = YES;
				SDKROOT = iphoneos;
			};
			name = Debug;
		};
		5DA7FEC61E02D992009208B5 /* Release */ = {
			isa = XCBuildConfiguration;
			buildSettings = {
				ALWAYS_SEARCH_USER_PATHS = NO;
				CLANG_CXX_LANGUAGE_STANDARD = "gnu++0x";
				CLANG_CXX_LIBRARY = "libc++";
				CLANG_ENABLE_MODULES = YES;
				CLANG_ENABLE_OBJC_ARC = YES;
				CLANG_WARN_BOOL_CONVERSION = YES;
				CLANG_WARN_CONSTANT_CONVERSION = YES;
				CLANG_WARN_DIRECT_OBJC_ISA_USAGE = YES_ERROR;
				CLANG_WARN_EMPTY_BODY = YES;
				CLANG_WARN_ENUM_CONVERSION = YES;
				CLANG_WARN_INT_CONVERSION = YES;
				CLANG_WARN_OBJC_ROOT_CLASS = YES_ERROR;
				CLANG_WARN_UNREACHABLE_CODE = YES;
				CLANG_WARN__DUPLICATE_METHOD_MATCH = YES;
				"CODE_SIGN_IDENTITY[sdk=iphoneos*]" = "iPhone Developer";
				COPY_PHASE_STRIP = NO;
				DEBUG_INFORMATION_FORMAT = "dwarf-with-dsym";
				ENABLE_NS_ASSERTIONS = NO;
				ENABLE_STRICT_OBJC_MSGSEND = YES;
				GCC_C_LANGUAGE_STANDARD = gnu99;
				GCC_NO_COMMON_BLOCKS = YES;
				GCC_WARN_64_TO_32_BIT_CONVERSION = YES;
				GCC_WARN_ABOUT_RETURN_TYPE = YES_ERROR;
				GCC_WARN_UNDECLARED_SELECTOR = YES;
				GCC_WARN_UNINITIALIZED_AUTOS = YES_AGGRESSIVE;
				GCC_WARN_UNUSED_FUNCTION = YES;
				GCC_WARN_UNUSED_VARIABLE = YES;
				IPHONEOS_DEPLOYMENT_TARGET = 9.2;
				MTL_ENABLE_DEBUG_INFO = NO;
				SDKROOT = iphoneos;
				VALIDATE_PRODUCT = YES;
			};
			name = Release;
		};
		5DA7FEC81E02D992009208B5 /* Debug */ = {
			isa = XCBuildConfiguration;
			buildSettings = {
				ASSETCATALOG_COMPILER_APPICON_NAME = AppIcon;
				CODE_SIGN_IDENTITY = "iPhone Developer";
				GCC_PREFIX_HEADER = "$(SRCROOT)/HBFontChange/PrefixHeader.pch";
				INFOPLIST_FILE = HBFontChange/Info.plist;
				IPHONEOS_DEPLOYMENT_TARGET = 8.1;
				LD_RUNPATH_SEARCH_PATHS = "$(inherited) @executable_path/Frameworks";
				PRODUCT_BUNDLE_IDENTIFIER = mingboJob.HBFontChange;
				PRODUCT_NAME = "$(TARGET_NAME)";
			};
			name = Debug;
		};
		5DA7FEC91E02D992009208B5 /* Release */ = {
			isa = XCBuildConfiguration;
			buildSettings = {
				ASSETCATALOG_COMPILER_APPICON_NAME = AppIcon;
				CODE_SIGN_IDENTITY = "iPhone Developer";
				GCC_PREFIX_HEADER = "$(SRCROOT)/HBFontChange/PrefixHeader.pch";
				INFOPLIST_FILE = HBFontChange/Info.plist;
				IPHONEOS_DEPLOYMENT_TARGET = 8.1;
				LD_RUNPATH_SEARCH_PATHS = "$(inherited) @executable_path/Frameworks";
				PRODUCT_BUNDLE_IDENTIFIER = mingboJob.HBFontChange;
				PRODUCT_NAME = "$(TARGET_NAME)";
			};
			name = Release;
		};
		5DA7FECB1E02D992009208B5 /* Debug */ = {
			isa = XCBuildConfiguration;
			buildSettings = {
				BUNDLE_LOADER = "$(TEST_HOST)";
				INFOPLIST_FILE = HBFontChangeTests/Info.plist;
				LD_RUNPATH_SEARCH_PATHS = "$(inherited) @executable_path/Frameworks @loader_path/Frameworks";
				PRODUCT_BUNDLE_IDENTIFIER = mingboJob.HBFontChangeTests;
				PRODUCT_NAME = "$(TARGET_NAME)";
				TEST_HOST = "$(BUILT_PRODUCTS_DIR)/HBFontChange.app/HBFontChange";
			};
			name = Debug;
		};
		5DA7FECC1E02D992009208B5 /* Release */ = {
			isa = XCBuildConfiguration;
			buildSettings = {
				BUNDLE_LOADER = "$(TEST_HOST)";
				INFOPLIST_FILE = HBFontChangeTests/Info.plist;
				LD_RUNPATH_SEARCH_PATHS = "$(inherited) @executable_path/Frameworks @loader_path/Frameworks";
				PRODUCT_BUNDLE_IDENTIFIER = mingboJob.HBFontChangeTests;
				PRODUCT_NAME = "$(TARGET_NAME)";
				TEST_HOST = "$(BUILT_PRODUCTS_DIR)/HBFontChange.app/HBFontChange";
			};
			name = Release;
		};
		5DA7FECE1E02D992009208B5 /* Debug */ = {
			isa = XCBuildConfiguration;
			buildSettings = {
				INFOPLIST_FILE = HBFontChangeUITests/Info.plist;
				LD_RUNPATH_SEARCH_PATHS = "$(inherited) @executable_path/Frameworks @loader_path/Frameworks";
				PRODUCT_BUNDLE_IDENTIFIER = mingboJob.HBFontChangeUITests;
				PRODUCT_NAME = "$(TARGET_NAME)";
				TEST_TARGET_NAME = HBFontChange;
				USES_XCTRUNNER = YES;
			};
			name = Debug;
		};
		5DA7FECF1E02D992009208B5 /* Release */ = {
			isa = XCBuildConfiguration;
			buildSettings = {
				INFOPLIST_FILE = HBFontChangeUITests/Info.plist;
				LD_RUNPATH_SEARCH_PATHS = "$(inherited) @executable_path/Frameworks @loader_path/Frameworks";
				PRODUCT_BUNDLE_IDENTIFIER = mingboJob.HBFontChangeUITests;
				PRODUCT_NAME = "$(TARGET_NAME)";
				TEST_TARGET_NAME = HBFontChange;
				USES_XCTRUNNER = YES;
			};
			name = Release;
		};
/* End XCBuildConfiguration section */

/* Begin XCConfigurationList section */
		5DA7FE951E02D991009208B5 /* Build configuration list for PBXProject "HBFontChange" */ = {
			isa = XCConfigurationList;
			buildConfigurations = (
				5DA7FEC51E02D992009208B5 /* Debug */,
				5DA7FEC61E02D992009208B5 /* Release */,
			);
			defaultConfigurationIsVisible = 0;
			defaultConfigurationName = Release;
		};
		5DA7FEC71E02D992009208B5 /* Build configuration list for PBXNativeTarget "HBFontChange" */ = {
			isa = XCConfigurationList;
			buildConfigurations = (
				5DA7FEC81E02D992009208B5 /* Debug */,
				5DA7FEC91E02D992009208B5 /* Release */,
			);
			defaultConfigurationIsVisible = 0;
		};
		5DA7FECA1E02D992009208B5 /* Build configuration list for PBXNativeTarget "HBFontChangeTests" */ = {
			isa = XCConfigurationList;
			buildConfigurations = (
				5DA7FECB1E02D992009208B5 /* Debug */,
				5DA7FECC1E02D992009208B5 /* Release */,
			);
			defaultConfigurationIsVisible = 0;
		};
		5DA7FECD1E02D992009208B5 /* Build configuration list for PBXNativeTarget "HBFontChangeUITests" */ = {
			isa = XCConfigurationList;
			buildConfigurations = (
				5DA7FECE1E02D992009208B5 /* Debug */,
				5DA7FECF1E02D992009208B5 /* Release */,
			);
			defaultConfigurationIsVisible = 0;
		};
/* End XCConfigurationList section */
	};
	rootObject = 5DA7FE921E02D991009208B5 /* Project object */;
}
